PODS:
  - AAChartKit (4.0.0)
  - AFNetworking (3.2.1):
    - AFNetworking/NSURLSession (= 3.2.1)
    - AFNetworking/Reachability (= 3.2.1)
    - AFNetworking/Security (= 3.2.1)
    - AFNetworking/Serialization (= 3.2.1)
    - AFNetworking/UIKit (= 3.2.1)
  - AFNetworking/NSURLSession (3.2.1):
    - AFNetworking/Reachability
    - AFNetworking/Security
    - AFNetworking/Serialization
  - AFNetworking/Reachability (3.2.1)
  - AFNetworking/Security (3.2.1)
  - AFNetworking/Serialization (3.2.1)
  - AFNetworking/UIKit (3.2.1):
    - AFNetworking/NSURLSession
  - AMap3DMap (7.2.0):
    - AMapFoundation (~> 1.5)
  - AMapFoundation (1.6.2)
  - AMapLocation (2.6.4):
    - AMapFoundation (~> 1.6.1)
  - AMapSearch (7.1.0):
    - AMapFoundation (~> 1.4)
  - BEMCheckBox (1.4.1)
  - BRPickerView (2.5.5):
    - BRPickerView/AddressPickerView (= 2.5.5)
    - BRPickerView/Base (= 2.5.5)
    - BRPickerView/DatePickerView (= 2.5.5)
    - BRPickerView/StringPickerView (= 2.5.5)
  - BRPickerView/AddressPickerView (2.5.5):
    - BRPickerView/Base
  - BRPickerView/Base (2.5.5)
  - BRPickerView/DatePickerView (2.5.5):
    - BRPickerView/Base
  - BRPickerView/StringPickerView (2.5.5):
    - BRPickerView/Base
  - CRBoxInputView (1.1.7):
    - Masonry
  - CSXMarkView (0.0.7)
  - DRCellSlideGestureRecognizer (1.0.0)
  - FSCalendar (2.8.1)
  - HMSegmentedControl (1.5.5)
  - HQImageEditViewController (0.0.1):
    - Masonry
  - JQCollectionViewAlignLayout (0.1.5)
  - JVFloatLabeledTextField (1.2.2)
  - LBXScan/LBXNative (2.3):
    - LBXScan/Types (~> 2.2)
  - LBXScan/LBXZBar (2.3):
    - LBXScan/Types (~> 2.2)
    - ZBarSDK (~> 1.3.1)
  - LBXScan/LBXZXing (2.3):
    - LBXScan/Types (~> 2.2)
  - LBXScan/Types (2.3)
  - LBXScan/UI (2.3):
    - LBXScan/Types (~> 2.2)
  - Masonry (1.1.0)
  - MJExtension (3.2.1)
  - MJRefresh (3.3.1)
  - pop (1.0.12)
  - PPNumberButton (0.8.0)
  - QMUIKit (4.0.4):
    - QMUIKit/QMUIComponents (= 4.0.4)
    - QMUIKit/QMUICore (= 4.0.4)
    - QMUIKit/QMUILog (= 4.0.4)
    - QMUIKit/QMUIMainFrame (= 4.0.4)
    - QMUIKit/QMUIWeakObjectContainer (= 4.0.4)
  - QMUIKit/QMUIComponents (4.0.4):
    - QMUIKit/QMUIComponents/NavigationBarTransition (= 4.0.4)
    - QMUIKit/QMUIComponents/QMUIAlertController (= 4.0.4)
    - QMUIKit/QMUIComponents/QMUIAnimation (= 4.0.4)
    - QMUIKit/QMUIComponents/QMUIAssetLibrary (= 4.0.4)
    - QMUIKit/QMUIComponents/QMUIBadge (= 4.0.4)
    - QMUIKit/QMUIComponents/QMUIButton (= 4.0.4)
    - QMUIKit/QMUIComponents/QMUICAAnimationExtension (= 4.0.4)
    - QMUIKit/QMUIComponents/QMUICellHeightCache (= 4.0.4)
    - QMUIKit/QMUIComponents/QMUICellHeightKeyCache (= 4.0.4)
    - QMUIKit/QMUIComponents/QMUICellSizeKeyCache (= 4.0.4)
    - QMUIKit/QMUIComponents/QMUICollectionViewPagingLayout (= 4.0.4)
    - QMUIKit/QMUIComponents/QMUIConsole (= 4.0.4)
    - QMUIKit/QMUIComponents/QMUIDialogViewController (= 4.0.4)
    - QMUIKit/QMUIComponents/QMUIEmotionInputManager (= 4.0.4)
    - QMUIKit/QMUIComponents/QMUIEmotionView (= 4.0.4)
    - QMUIKit/QMUIComponents/QMUIEmptyView (= 4.0.4)
    - QMUIKit/QMUIComponents/QMUIFillButton (= 4.0.4)
    - QMUIKit/QMUIComponents/QMUIFloatLayoutView (= 4.0.4)
    - QMUIKit/QMUIComponents/QMUIGhostButton (= 4.0.4)
    - QMUIKit/QMUIComponents/QMUIGridView (= 4.0.4)
    - QMUIKit/QMUIComponents/QMUIImagePickerLibrary (= 4.0.4)
    - QMUIKit/QMUIComponents/QMUIImagePreviewView (= 4.0.4)
    - QMUIKit/QMUIComponents/QMUIKeyboardManager (= 4.0.4)
    - QMUIKit/QMUIComponents/QMUILabel (= 4.0.4)
    - QMUIKit/QMUIComponents/QMUILinkButton (= 4.0.4)
    - QMUIKit/QMUIComponents/QMUILogManagerViewController (= 4.0.4)
    - QMUIKit/QMUIComponents/QMUILogWithConfigurationSupported (= 4.0.4)
    - QMUIKit/QMUIComponents/QMUIMarqueeLabel (= 4.0.4)
    - QMUIKit/QMUIComponents/QMUIModalPresentationViewController (= 4.0.4)
    - QMUIKit/QMUIComponents/QMUIMoreOperationController (= 4.0.4)
    - QMUIKit/QMUIComponents/QMUIMultipleDelegates (= 4.0.4)
    - QMUIKit/QMUIComponents/QMUINavigationButton (= 4.0.4)
    - QMUIKit/QMUIComponents/QMUINavigationTitleView (= 4.0.4)
    - QMUIKit/QMUIComponents/QMUIOrderedDictionary (= 4.0.4)
    - QMUIKit/QMUIComponents/QMUIPieProgressView (= 4.0.4)
    - QMUIKit/QMUIComponents/QMUIPopupContainerView (= 4.0.4)
    - QMUIKit/QMUIComponents/QMUIPopupMenuView (= 4.0.4)
    - QMUIKit/QMUIComponents/QMUIScrollAnimator (= 4.0.4)
    - QMUIKit/QMUIComponents/QMUISearchBar (= 4.0.4)
    - QMUIKit/QMUIComponents/QMUISearchController (= 4.0.4)
    - QMUIKit/QMUIComponents/QMUISegmentedControl (= 4.0.4)
    - QMUIKit/QMUIComponents/QMUISlider (= 4.0.4)
    - QMUIKit/QMUIComponents/QMUIStaticTableView (= 4.0.4)
    - QMUIKit/QMUIComponents/QMUITableView (= 4.0.4)
    - QMUIKit/QMUIComponents/QMUITableViewCell (= 4.0.4)
    - QMUIKit/QMUIComponents/QMUITableViewHeaderFooterView (= 4.0.4)
    - QMUIKit/QMUIComponents/QMUITableViewProtocols (= 4.0.4)
    - QMUIKit/QMUIComponents/QMUITestView (= 4.0.4)
    - QMUIKit/QMUIComponents/QMUITextField (= 4.0.4)
    - QMUIKit/QMUIComponents/QMUITextView (= 4.0.4)
    - QMUIKit/QMUIComponents/QMUITheme (= 4.0.4)
    - QMUIKit/QMUIComponents/QMUITips (= 4.0.4)
    - QMUIKit/QMUIComponents/QMUIToastView (= 4.0.4)
    - QMUIKit/QMUIComponents/QMUIToolbarButton (= 4.0.4)
    - QMUIKit/QMUIComponents/QMUIVisualEffectView (= 4.0.4)
    - QMUIKit/QMUIComponents/QMUIWindowSizeMonitor (= 4.0.4)
    - QMUIKit/QMUIComponents/QMUIZoomImageView (= 4.0.4)
    - QMUIKit/QMUICore
  - QMUIKit/QMUIComponents/NavigationBarTransition (4.0.4):
    - QMUIKit/QMUIComponents/QMUINavigationTitleView
    - QMUIKit/QMUICore
    - QMUIKit/QMUIMainFrame
  - QMUIKit/QMUIComponents/QMUIAlertController (4.0.4):
    - QMUIKit/QMUIComponents/QMUIButton
    - QMUIKit/QMUIComponents/QMUIModalPresentationViewController
    - QMUIKit/QMUIComponents/QMUITextField
    - QMUIKit/QMUICore
  - QMUIKit/QMUIComponents/QMUIAnimation (4.0.4):
    - QMUIKit/QMUICore
  - QMUIKit/QMUIComponents/QMUIAssetLibrary (4.0.4):
    - QMUIKit/QMUICore
  - QMUIKit/QMUIComponents/QMUIBadge (4.0.4):
    - QMUIKit/QMUIComponents/QMUILabel
    - QMUIKit/QMUICore
  - QMUIKit/QMUIComponents/QMUIButton (4.0.4):
    - QMUIKit/QMUICore
  - QMUIKit/QMUIComponents/QMUICAAnimationExtension (4.0.4):
    - QMUIKit/QMUIComponents/QMUIMultipleDelegates
    - QMUIKit/QMUICore
  - QMUIKit/QMUIComponents/QMUICellHeightCache (4.0.4):
    - QMUIKit/QMUIComponents/QMUITableViewProtocols
    - QMUIKit/QMUICore
  - QMUIKit/QMUIComponents/QMUICellHeightKeyCache (4.0.4):
    - QMUIKit/QMUIComponents/QMUIMultipleDelegates
    - QMUIKit/QMUIComponents/QMUITableViewProtocols
    - QMUIKit/QMUICore
  - QMUIKit/QMUIComponents/QMUICellSizeKeyCache (4.0.4):
    - QMUIKit/QMUIComponents/QMUIMultipleDelegates
    - QMUIKit/QMUICore
  - QMUIKit/QMUIComponents/QMUICollectionViewPagingLayout (4.0.4):
    - QMUIKit/QMUICore
  - QMUIKit/QMUIComponents/QMUIConsole (4.0.4):
    - QMUIKit/QMUIComponents/QMUIButton
    - QMUIKit/QMUIComponents/QMUICAAnimationExtension
    - QMUIKit/QMUIComponents/QMUIPopupMenuView
    - QMUIKit/QMUIComponents/QMUITextField
    - QMUIKit/QMUIComponents/QMUITextView
    - QMUIKit/QMUICore
  - QMUIKit/QMUIComponents/QMUIDialogViewController (4.0.4):
    - QMUIKit/QMUIComponents/QMUIButton
    - QMUIKit/QMUIComponents/QMUILabel
    - QMUIKit/QMUIComponents/QMUIModalPresentationViewController
    - QMUIKit/QMUIComponents/QMUINavigationTitleView
    - QMUIKit/QMUIComponents/QMUITableView
    - QMUIKit/QMUIComponents/QMUITableViewCell
    - QMUIKit/QMUIComponents/QMUITextField
    - QMUIKit/QMUICore
    - QMUIKit/QMUIMainFrame
  - QMUIKit/QMUIComponents/QMUIEmotionInputManager (4.0.4):
    - QMUIKit/QMUIComponents/QMUIEmotionView
    - QMUIKit/QMUICore
  - QMUIKit/QMUIComponents/QMUIEmotionView (4.0.4):
    - QMUIKit/QMUIComponents/QMUIButton
    - QMUIKit/QMUICore
  - QMUIKit/QMUIComponents/QMUIEmptyView (4.0.4):
    - QMUIKit/QMUIComponents/QMUIButton
    - QMUIKit/QMUICore
  - QMUIKit/QMUIComponents/QMUIFillButton (4.0.4):
    - QMUIKit/QMUIComponents/QMUIButton
    - QMUIKit/QMUICore
  - QMUIKit/QMUIComponents/QMUIFloatLayoutView (4.0.4):
    - QMUIKit/QMUICore
  - QMUIKit/QMUIComponents/QMUIGhostButton (4.0.4):
    - QMUIKit/QMUIComponents/QMUIButton
    - QMUIKit/QMUICore
  - QMUIKit/QMUIComponents/QMUIGridView (4.0.4):
    - QMUIKit/QMUICore
  - QMUIKit/QMUIComponents/QMUIImagePickerLibrary (4.0.4):
    - QMUIKit/QMUIComponents/QMUIAlertController
    - QMUIKit/QMUIComponents/QMUIAssetLibrary
    - QMUIKit/QMUIComponents/QMUIButton
    - QMUIKit/QMUIComponents/QMUIEmptyView
    - QMUIKit/QMUIComponents/QMUIImagePreviewView
    - QMUIKit/QMUIComponents/QMUINavigationButton
    - QMUIKit/QMUIComponents/QMUITableViewCell
    - QMUIKit/QMUIComponents/QMUIZoomImageView
    - QMUIKit/QMUICore
    - QMUIKit/QMUIMainFrame
  - QMUIKit/QMUIComponents/QMUIImagePreviewView (4.0.4):
    - QMUIKit/QMUIComponents/QMUIButton
    - QMUIKit/QMUIComponents/QMUICollectionViewPagingLayout
    - QMUIKit/QMUIComponents/QMUIEmptyView
    - QMUIKit/QMUIComponents/QMUIPieProgressView
    - QMUIKit/QMUIComponents/QMUIZoomImageView
    - QMUIKit/QMUICore
    - QMUIKit/QMUIMainFrame
  - QMUIKit/QMUIComponents/QMUIKeyboardManager (4.0.4):
    - QMUIKit/QMUICore
  - QMUIKit/QMUIComponents/QMUILabel (4.0.4):
    - QMUIKit/QMUICore
  - QMUIKit/QMUIComponents/QMUILinkButton (4.0.4):
    - QMUIKit/QMUIComponents/QMUIButton
    - QMUIKit/QMUICore
  - QMUIKit/QMUIComponents/QMUILogManagerViewController (4.0.4):
    - QMUIKit/QMUIComponents/QMUIPopupMenuView
    - QMUIKit/QMUIComponents/QMUISearchController
    - QMUIKit/QMUIComponents/QMUIStaticTableView
    - QMUIKit/QMUIComponents/QMUITableView
    - QMUIKit/QMUICore
    - QMUIKit/QMUIMainFrame
  - QMUIKit/QMUIComponents/QMUILogWithConfigurationSupported (4.0.4):
    - QMUIKit/QMUICore
  - QMUIKit/QMUIComponents/QMUIMarqueeLabel (4.0.4):
    - QMUIKit/QMUICore
  - QMUIKit/QMUIComponents/QMUIModalPresentationViewController (4.0.4):
    - QMUIKit/QMUIComponents/QMUIKeyboardManager
    - QMUIKit/QMUICore
  - QMUIKit/QMUIComponents/QMUIMoreOperationController (4.0.4):
    - QMUIKit/QMUIComponents/QMUIButton
    - QMUIKit/QMUIComponents/QMUIModalPresentationViewController
    - QMUIKit/QMUICore
  - QMUIKit/QMUIComponents/QMUIMultipleDelegates (4.0.4):
    - QMUIKit/QMUICore
  - QMUIKit/QMUIComponents/QMUINavigationButton (4.0.4):
    - QMUIKit/QMUICore
    - QMUIKit/QMUIMainFrame
  - QMUIKit/QMUIComponents/QMUINavigationTitleView (4.0.4):
    - QMUIKit/QMUIComponents/QMUIButton
    - QMUIKit/QMUICore
  - QMUIKit/QMUIComponents/QMUIOrderedDictionary (4.0.4):
    - QMUIKit/QMUICore
  - QMUIKit/QMUIComponents/QMUIPieProgressView (4.0.4):
    - QMUIKit/QMUICore
  - QMUIKit/QMUIComponents/QMUIPopupContainerView (4.0.4):
    - QMUIKit/QMUICore
    - QMUIKit/QMUIMainFrame
  - QMUIKit/QMUIComponents/QMUIPopupMenuView (4.0.4):
    - QMUIKit/QMUIComponents/QMUIButton
    - QMUIKit/QMUIComponents/QMUIPopupContainerView
    - QMUIKit/QMUICore
  - QMUIKit/QMUIComponents/QMUIScrollAnimator (4.0.4):
    - QMUIKit/QMUIComponents/QMUIMultipleDelegates
    - QMUIKit/QMUICore
  - QMUIKit/QMUIComponents/QMUISearchBar (4.0.4):
    - QMUIKit/QMUICore
  - QMUIKit/QMUIComponents/QMUISearchController (4.0.4):
    - QMUIKit/QMUIComponents/QMUIEmptyView
    - QMUIKit/QMUIComponents/QMUISearchBar
    - QMUIKit/QMUICore
    - QMUIKit/QMUIMainFrame
  - QMUIKit/QMUIComponents/QMUISegmentedControl (4.0.4):
    - QMUIKit/QMUICore
  - QMUIKit/QMUIComponents/QMUISlider (4.0.4):
    - QMUIKit/QMUICore
  - QMUIKit/QMUIComponents/QMUIStaticTableView (4.0.4):
    - QMUIKit/QMUIComponents/QMUIMultipleDelegates
    - QMUIKit/QMUIComponents/QMUITableViewCell
    - QMUIKit/QMUICore
  - QMUIKit/QMUIComponents/QMUITableView (4.0.4):
    - QMUIKit/QMUIComponents/QMUITableViewProtocols
    - QMUIKit/QMUICore
  - QMUIKit/QMUIComponents/QMUITableViewCell (4.0.4):
    - QMUIKit/QMUIComponents/QMUIButton
    - QMUIKit/QMUICore
  - QMUIKit/QMUIComponents/QMUITableViewHeaderFooterView (4.0.4):
    - QMUIKit/QMUICore
  - QMUIKit/QMUIComponents/QMUITableViewProtocols (4.0.4):
    - QMUIKit/QMUICore
  - QMUIKit/QMUIComponents/QMUITestView (4.0.4):
    - QMUIKit/QMUICore
  - QMUIKit/QMUIComponents/QMUITextField (4.0.4):
    - QMUIKit/QMUIComponents/QMUIMultipleDelegates
    - QMUIKit/QMUICore
  - QMUIKit/QMUIComponents/QMUITextView (4.0.4):
    - QMUIKit/QMUIComponents/QMUILabel
    - QMUIKit/QMUIComponents/QMUIMultipleDelegates
    - QMUIKit/QMUICore
  - QMUIKit/QMUIComponents/QMUITheme (4.0.4):
    - QMUIKit/QMUIComponents/QMUIAlertController
    - QMUIKit/QMUIComponents/QMUIButton
    - QMUIKit/QMUIComponents/QMUIConsole
    - QMUIKit/QMUIComponents/QMUIEmotionView
    - QMUIKit/QMUIComponents/QMUIEmptyView
    - QMUIKit/QMUIComponents/QMUIFillButton
    - QMUIKit/QMUIComponents/QMUIGhostButton
    - QMUIKit/QMUIComponents/QMUIGridView
    - QMUIKit/QMUIComponents/QMUIImagePickerLibrary
    - QMUIKit/QMUIComponents/QMUIImagePreviewView
    - QMUIKit/QMUIComponents/QMUILabel
    - QMUIKit/QMUIComponents/QMUILinkButton
    - QMUIKit/QMUIComponents/QMUIModalPresentationViewController
    - QMUIKit/QMUIComponents/QMUIPopupContainerView
    - QMUIKit/QMUIComponents/QMUIPopupMenuView
    - QMUIKit/QMUIComponents/QMUISlider
    - QMUIKit/QMUIComponents/QMUITextField
    - QMUIKit/QMUIComponents/QMUITextView
    - QMUIKit/QMUIComponents/QMUIToastView
    - QMUIKit/QMUIComponents/QMUIVisualEffectView
    - QMUIKit/QMUICore
  - QMUIKit/QMUIComponents/QMUITips (4.0.4):
    - QMUIKit/QMUIComponents/QMUIToastView
    - QMUIKit/QMUICore
  - QMUIKit/QMUIComponents/QMUIToastView (4.0.4):
    - QMUIKit/QMUIComponents/QMUIKeyboardManager
    - QMUIKit/QMUIComponents/QMUIVisualEffectView
    - QMUIKit/QMUICore
  - QMUIKit/QMUIComponents/QMUIToolbarButton (4.0.4):
    - QMUIKit/QMUICore
  - QMUIKit/QMUIComponents/QMUIVisualEffectView (4.0.4):
    - QMUIKit/QMUICore
  - QMUIKit/QMUIComponents/QMUIWindowSizeMonitor (4.0.4):
    - QMUIKit/QMUICore
  - QMUIKit/QMUIComponents/QMUIZoomImageView (4.0.4):
    - QMUIKit/QMUIComponents/QMUIAssetLibrary
    - QMUIKit/QMUIComponents/QMUIButton
    - QMUIKit/QMUIComponents/QMUIEmptyView
    - QMUIKit/QMUIComponents/QMUIPieProgressView
    - QMUIKit/QMUIComponents/QMUISlider
    - QMUIKit/QMUICore
  - QMUIKit/QMUICore (4.0.4):
    - QMUIKit/QMUILog
    - QMUIKit/QMUIWeakObjectContainer
  - QMUIKit/QMUILog (4.0.4)
  - QMUIKit/QMUIMainFrame (4.0.4):
    - QMUIKit/QMUIComponents/QMUIEmptyView
    - QMUIKit/QMUIComponents/QMUIKeyboardManager
    - QMUIKit/QMUIComponents/QMUIMultipleDelegates
    - QMUIKit/QMUIComponents/QMUINavigationTitleView
    - QMUIKit/QMUIComponents/QMUITableView
    - QMUIKit/QMUIComponents/QMUITableViewHeaderFooterView
    - QMUIKit/QMUICore
    - QMUIKit/QMUILog
  - QMUIKit/QMUIWeakObjectContainer (4.0.4)
  - ReactiveObjC (3.1.1)
  - SAMKeychain (1.5.3)
  - SDCycleScrollView (1.80):
    - SDWebImage (>= 5.0.0)
  - SDWebImage (5.5.2):
    - SDWebImage/Core (= 5.5.2)
  - SDWebImage/Core (5.5.2)
  - SJAttributesFactory (2.1.1):
    - SJAttributesFactory/Deprecated (= 2.1.1)
    - SJAttributesFactory/UIKitText (= 2.1.1)
  - SJAttributesFactory/Deprecated (2.1.1)
  - SJAttributesFactory/UIKitText (2.1.1)
  - TYAttributedLabel (2.6.6)
  - TYCyclePagerView (1.2.0)
  - WMDragView (1.0.1)
  - WMZBanner (1.1.0):
    - SDWebImage
  - ZBarSDK (1.3.1)
  - ZZCircleProgress (0.3.1)

DEPENDENCIES:
  - AAChartKit (from `https://github.com/AAChartModel/AAChartKit.git`)
  - AFNetworking (~> 3.0)
  - AMap3DMap
  - AMapLocation
  - AMapSearch
  - BEMCheckBox
  - BRPickerView
  - CRBoxInputView (= 1.1.7)
  - CSXMarkView
  - DRCellSlideGestureRecognizer
  - FSCalendar
  - HMSegmentedControl
  - HQImageEditViewController
  - JQCollectionViewAlignLayout
  - JVFloatLabeledTextField
  - LBXScan/LBXNative (~> 2.3)
  - LBXScan/LBXZBar (~> 2.3)
  - LBXScan/LBXZXing (~> 2.3)
  - LBXScan/UI (~> 2.3)
  - Masonry
  - MJExtension
  - MJRefresh
  - pop (~> 1.0)
  - PPNumberButton
  - QMUIKit
  - ReactiveObjC
  - SAMKeychain
  - SDCycleScrollView (>= 1.80)
  - SDWebImage (~> 5.0)
  - SJAttributesFactory
  - TYAttributedLabel (~> 2.6.2)
  - TYCyclePagerView
  - WMDragView
  - WMZBanner
  - ZZCircleProgress

SPEC REPOS:
  https://github.com/CocoaPods/Specs.git:
    - AFNetworking
    - AMap3DMap
    - AMapFoundation
    - AMapLocation
    - AMapSearch
    - BEMCheckBox
    - BRPickerView
    - CRBoxInputView
    - CSXMarkView
    - DRCellSlideGestureRecognizer
    - FSCalendar
    - HMSegmentedControl
    - HQImageEditViewController
    - JQCollectionViewAlignLayout
    - JVFloatLabeledTextField
    - LBXScan
    - Masonry
    - MJExtension
    - MJRefresh
    - pop
    - PPNumberButton
    - QMUIKit
    - ReactiveObjC
    - SAMKeychain
    - SDCycleScrollView
    - SDWebImage
    - SJAttributesFactory
    - TYAttributedLabel
    - TYCyclePagerView
    - WMDragView
    - WMZBanner
    - ZBarSDK
    - ZZCircleProgress

EXTERNAL SOURCES:
  AAChartKit:
    :git: https://github.com/AAChartModel/AAChartKit.git

CHECKOUT OPTIONS:
  AAChartKit:
    :commit: 701e79eff4488b8cb50920c7af5432bf4b95c19e
    :git: https://github.com/AAChartModel/AAChartKit.git

SPEC CHECKSUMS:
  AAChartKit: a62caf524117fcf19e7c8b4f10acbf58dcb08359
  AFNetworking: b6f891fdfaed196b46c7a83cf209e09697b94057
  AMap3DMap: be13191194c9aeb29a67d9d3e9a797588fb329aa
  AMapFoundation: 672dc3a4759cb733f447c1e1b020f7ba2729f4ab
  AMapLocation: b4162db67f813508a14ee7e05c7ee4073785221d
  AMapSearch: 6bd6d361c5eb00110e0bffa4acf88b7bb9f7e059
  BEMCheckBox: 5ba6e37ade3d3657b36caecc35c8b75c6c2b1a4e
  BRPickerView: c010fbd1ced79808f485e65a65e62132df218414
  CRBoxInputView: 72b35e2f3df36739a444eadefc9ef0dbf1fe576e
  CSXMarkView: be699e407253299738b88bfc180d16aefd8bb685
  DRCellSlideGestureRecognizer: c7213100aa8b1a54b3388c2e73894039058c7795
  FSCalendar: 5245140456fcbcac5824c203b98bd8068bdfee1a
  HMSegmentedControl: f514c6dad47aa3065e0ed2e8046b73efc71221b9
  HQImageEditViewController: 84e610e99b7d1fcb2a174b4563bcda1b0830bc4f
  JQCollectionViewAlignLayout: d44142c09e6ba96cc874ac5014ff64accb8995ce
  JVFloatLabeledTextField: df48598472ee015701d509f43e59492a0d4ca208
  LBXScan: e51449f0832d1fe17da632af0d22adeb3cfa3543
  Masonry: 678fab65091a9290e40e2832a55e7ab731aad201
  MJExtension: 635f2c663dcb1bf76fa4b715b2570a5710aec545
  MJRefresh: eeda70fbf0ad277f3178cef1cd0c3532591d6237
  pop: d582054913807fd11fd50bfe6a539d91c7e1a55a
  PPNumberButton: 4442ff64c21d91733057ca1b3dc05fb4df55f2c0
  QMUIKit: 73899f707bdd51f44d16e10d11f224fb821fbe74
  ReactiveObjC: 011caa393aa0383245f2dcf9bf02e86b80b36040
  SAMKeychain: 483e1c9f32984d50ca961e26818a534283b4cd5c
  SDCycleScrollView: b3c9a5ed840c771c4938978174c7c9d9feefeb96
  SDWebImage: 4d5c027c935438f341ed33dbac53ff9f479922ca
  SJAttributesFactory: 16cd39e6c0e538933db05ddc06d23c8608b13216
  TYAttributedLabel: cb8fc910d97eb5224936d4f692a78e042af691b2
  TYCyclePagerView: 2b051dade0615c70784aa34f40c646feeddb7344
  WMDragView: 18f2c5d18c350ea4b0ac1cc64066abfe5caea443
  WMZBanner: fb8f5905097d76d54bf780087b3f131071bfe773
  ZBarSDK: 4c1b5daeb7d6cc67dc9355e690af0230a661f6ec
  ZZCircleProgress: 207e454a96f05321be6df16357671d9a870656b6

PODFILE CHECKSUM: ca238ef0a4dcb8dbe2b301dda80124c693b82ea4

COCOAPODS: 1.8.4
